
Microsoft Visual Studio Solution File, Format Version 12.00
# Visual Studio Version 17
VisualStudioVersion = 17.6.33801.468
MinimumVisualStudioVersion = 10.0.40219.1
Project("{9A19103F-16F7-4668-BE54-9A1E7A4F7556}") = "herodesknew.Server", "herodesknew\Server\herodesknew.Server.csproj", "{7E807440-7CED-4D9A-B0C0-03C0C223DA79}"
EndProject
Project("{9A19103F-16F7-4668-BE54-9A1E7A4F7556}") = "herodesknew.Client", "herodesknew\Client\herodesknew.Client.csproj", "{5B7EAAFE-E058-4D75-A777-B203B129D01A}"
EndProject
Project("{9A19103F-16F7-4668-BE54-9A1E7A4F7556}") = "herodesknew.Shared", "herodesknew\Shared\herodesknew.Shared.csproj", "{A0749F21-0567-46FA-899F-658C776615EB}"
EndProject
Project("{9A19103F-16F7-4668-BE54-9A1E7A4F7556}") = "herodesknew.Infrastructure", "herodesknew\Infrastructure\herodesknew.Infrastructure.csproj", "{594E4D64-D5AB-4749-9910-C3A777F63FA5}"
EndProject
Project("{9A19103F-16F7-4668-BE54-9A1E7A4F7556}") = "herodesknew.Application", "herodesknew\Application\herodesknew.Application.csproj", "{1ADEEDF9-4178-4BD5-9959-2CCF5C8D1C60}"
EndProject
Project("{2150E333-8FDC-42A3-9474-1A3956D46DE8}") = "Tests", "Tests", "{C2B67BB7-BECE-49A6-A580-CBED4EB2D682}"
EndProject
Project("{9A19103F-16F7-4668-BE54-9A1E7A4F7556}") = "herodesknew.Domain", "herodesknew\Domain\herodesknew.Domain.csproj", "{0C53334E-657F-4FBC-B285-5C7C2C4C7700}"
EndProject
Global
	GlobalSection(SolutionConfigurationPlatforms) = preSolution
		Debug|Any CPU = Debug|Any CPU
		Release|Any CPU = Release|Any CPU
	EndGlobalSection
	GlobalSection(ProjectConfigurationPlatforms) = postSolution
		{7E807440-7CED-4D9A-B0C0-03C0C223DA79}.Debug|Any CPU.ActiveCfg = Debug|Any CPU
		{7E807440-7CED-4D9A-B0C0-03C0C223DA79}.Debug|Any CPU.Build.0 = Debug|Any CPU
		{7E807440-7CED-4D9A-B0C0-03C0C223DA79}.Release|Any CPU.ActiveCfg = Release|Any CPU
		{7E807440-7CED-4D9A-B0C0-03C0C223DA79}.Release|Any CPU.Build.0 = Release|Any CPU
		{5B7EAAFE-E058-4D75-A777-B203B129D01A}.Debug|Any CPU.ActiveCfg = Debug|Any CPU
		{5B7EAAFE-E058-4D75-A777-B203B129D01A}.Debug|Any CPU.Build.0 = Debug|Any CPU
		{5B7EAAFE-E058-4D75-A777-B203B129D01A}.Release|Any CPU.ActiveCfg = Release|Any CPU
		{5B7EAAFE-E058-4D75-A777-B203B129D01A}.Release|Any CPU.Build.0 = Release|Any CPU
		{A0749F21-0567-46FA-899F-658C776615EB}.Debug|Any CPU.ActiveCfg = Debug|Any CPU
		{A0749F21-0567-46FA-899F-658C776615EB}.Debug|Any CPU.Build.0 = Debug|Any CPU
		{A0749F21-0567-46FA-899F-658C776615EB}.Release|Any CPU.ActiveCfg = Release|Any CPU
		{A0749F21-0567-46FA-899F-658C776615EB}.Release|Any CPU.Build.0 = Release|Any CPU
		{594E4D64-D5AB-4749-9910-C3A777F63FA5}.Debug|Any CPU.ActiveCfg = Debug|Any CPU
		{594E4D64-D5AB-4749-9910-C3A777F63FA5}.Debug|Any CPU.Build.0 = Debug|Any CPU
		{594E4D64-D5AB-4749-9910-C3A777F63FA5}.Release|Any CPU.ActiveCfg = Release|Any CPU
		{594E4D64-D5AB-4749-9910-C3A777F63FA5}.Release|Any CPU.Build.0 = Release|Any CPU
		{1ADEEDF9-4178-4BD5-9959-2CCF5C8D1C60}.Debug|Any CPU.ActiveCfg = Debug|Any CPU
		{1ADEEDF9-4178-4BD5-9959-2CCF5C8D1C60}.Debug|Any CPU.Build.0 = Debug|Any CPU
		{1ADEEDF9-4178-4BD5-9959-2CCF5C8D1C60}.Release|Any CPU.ActiveCfg = Release|Any CPU
		{1ADEEDF9-4178-4BD5-9959-2CCF5C8D1C60}.Release|Any CPU.Build.0 = Release|Any CPU
		{0C53334E-657F-4FBC-B285-5C7C2C4C7700}.Debug|Any CPU.ActiveCfg = Debug|Any CPU
		{0C53334E-657F-4FBC-B285-5C7C2C4C7700}.Debug|Any CPU.Build.0 = Debug|Any CPU
		{0C53334E-657F-4FBC-B285-5C7C2C4C7700}.Release|Any CPU.ActiveCfg = Release|Any CPU
		{0C53334E-657F-4FBC-B285-5C7C2C4C7700}.Release|Any CPU.Build.0 = Release|Any CPU
	EndGlobalSection
	GlobalSection(SolutionProperties) = preSolution
		HideSolutionNode = FALSE
	EndGlobalSection
	GlobalSection(ExtensibilityGlobals) = postSolution
		SolutionGuid = {B769C7CC-8332-4BB6-8C7A-FD694AE6D724}
	EndGlobalSection
EndGlobal
