
Microsoft Visual Studio Solution File, Format Version 12.00
# Visual Studio Version 17
VisualStudioVersion = 17.6.33801.468
MinimumVisualStudioVersion = 10.0.40219.1
Project("{9A19103F-16F7-4668-BE54-9A1E7A4F7556}") = "herodesknew.Shared", "herodesknew\Shared\herodesknew.Shared.csproj", "{A0749F21-0567-46FA-899F-658C776615EB}"
EndProject
Project("{9A19103F-16F7-4668-BE54-9A1E7A4F7556}") = "herodesknew.Infrastructure", "herodesknew\Infrastructure\herodesknew.Infrastructure.csproj", "{594E4D64-D5AB-4749-9910-C3A777F63FA5}"
EndProject
Project("{9A19103F-16F7-4668-BE54-9A1E7A4F7556}") = "herodesknew.Application", "herodesknew\Application\herodesknew.Application.csproj", "{1ADEEDF9-4178-4BD5-9959-2CCF5C8D1C60}"
EndProject
Project("{2150E333-8FDC-42A3-9474-1A3956D46DE8}") = "Tests", "Tests", "{C2B67BB7-BECE-49A6-A580-CBED4EB2D682}"
EndProject
Project("{9A19103F-16F7-4668-BE54-9A1E7A4F7556}") = "herodesknew.Domain", "herodesknew\Domain\herodesknew.Domain.csproj", "{0C53334E-657F-4FBC-B285-5C7C2C4C7700}"
EndProject
Project("{9A19103F-16F7-4668-BE54-9A1E7A4F7556}") = "herodesknew.Local.Application", "herodesknew\Local.Application\herodesknew.Local.Application.csproj", "{858722C7-DF3F-4433-BE1B-2CC33F7906F5}"
EndProject
Project("{9A19103F-16F7-4668-BE54-9A1E7A4F7556}") = "herodesknew.Server", "herodesknew\Server\herodesknew.Server.csproj", "{0F35BB70-7A6B-46EA-8130-B626E6848418}"
EndProject
Project("{2150E333-8FDC-42A3-9474-1A3956D46DE8}") = "Local", "Local", "{65CAC76A-2CB0-4F6F-8617-EEC7A0935AE4}"
EndProject
Project("{9A19103F-16F7-4668-BE54-9A1E7A4F7556}") = "herodesknew.Local.Domain", "herodesknew\Local.Domain\herodesknew.Local.Domain.csproj", "{2CD668AC-358E-4778-853B-A0F9C246AA02}"
EndProject
Project("{9A19103F-16F7-4668-BE54-9A1E7A4F7556}") = "herodesknew.test.Application", "Tests\herodesknew.test.Application\herodesknew.test.Application.csproj", "{D92B3F83-7CB5-4841-BBF8-1EC2C12EC547}"
EndProject
Project("{9A19103F-16F7-4668-BE54-9A1E7A4F7556}") = "herodesknew.Local.Server", "herodesknew\herodesknew.Local.Server\herodesknew.Local.Server.csproj", "{0CC8EEA5-F42C-4E64-A1C7-587279693772}"
EndProject
Global
	GlobalSection(SolutionConfigurationPlatforms) = preSolution
		Debug|Any CPU = Debug|Any CPU
		Release|Any CPU = Release|Any CPU
	EndGlobalSection
	GlobalSection(ProjectConfigurationPlatforms) = postSolution
		{A0749F21-0567-46FA-899F-658C776615EB}.Debug|Any CPU.ActiveCfg = Debug|Any CPU
		{A0749F21-0567-46FA-899F-658C776615EB}.Debug|Any CPU.Build.0 = Debug|Any CPU
		{A0749F21-0567-46FA-899F-658C776615EB}.Release|Any CPU.ActiveCfg = Release|Any CPU
		{A0749F21-0567-46FA-899F-658C776615EB}.Release|Any CPU.Build.0 = Release|Any CPU
		{594E4D64-D5AB-4749-9910-C3A777F63FA5}.Debug|Any CPU.ActiveCfg = Debug|Any CPU
		{594E4D64-D5AB-4749-9910-C3A777F63FA5}.Debug|Any CPU.Build.0 = Debug|Any CPU
		{594E4D64-D5AB-4749-9910-C3A777F63FA5}.Release|Any CPU.ActiveCfg = Release|Any CPU
		{594E4D64-D5AB-4749-9910-C3A777F63FA5}.Release|Any CPU.Build.0 = Release|Any CPU
		{1ADEEDF9-4178-4BD5-9959-2CCF5C8D1C60}.Debug|Any CPU.ActiveCfg = Debug|Any CPU
		{1ADEEDF9-4178-4BD5-9959-2CCF5C8D1C60}.Debug|Any CPU.Build.0 = Debug|Any CPU
		{1ADEEDF9-4178-4BD5-9959-2CCF5C8D1C60}.Release|Any CPU.ActiveCfg = Release|Any CPU
		{1ADEEDF9-4178-4BD5-9959-2CCF5C8D1C60}.Release|Any CPU.Build.0 = Release|Any CPU
		{0C53334E-657F-4FBC-B285-5C7C2C4C7700}.Debug|Any CPU.ActiveCfg = Debug|Any CPU
		{0C53334E-657F-4FBC-B285-5C7C2C4C7700}.Debug|Any CPU.Build.0 = Debug|Any CPU
		{0C53334E-657F-4FBC-B285-5C7C2C4C7700}.Release|Any CPU.ActiveCfg = Release|Any CPU
		{0C53334E-657F-4FBC-B285-5C7C2C4C7700}.Release|Any CPU.Build.0 = Release|Any CPU
		{858722C7-DF3F-4433-BE1B-2CC33F7906F5}.Debug|Any CPU.ActiveCfg = Debug|Any CPU
		{858722C7-DF3F-4433-BE1B-2CC33F7906F5}.Debug|Any CPU.Build.0 = Debug|Any CPU
		{858722C7-DF3F-4433-BE1B-2CC33F7906F5}.Release|Any CPU.ActiveCfg = Release|Any CPU
		{858722C7-DF3F-4433-BE1B-2CC33F7906F5}.Release|Any CPU.Build.0 = Release|Any CPU
		{0F35BB70-7A6B-46EA-8130-B626E6848418}.Debug|Any CPU.ActiveCfg = Debug|Any CPU
		{0F35BB70-7A6B-46EA-8130-B626E6848418}.Debug|Any CPU.Build.0 = Debug|Any CPU
		{0F35BB70-7A6B-46EA-8130-B626E6848418}.Release|Any CPU.ActiveCfg = Release|Any CPU
		{0F35BB70-7A6B-46EA-8130-B626E6848418}.Release|Any CPU.Build.0 = Release|Any CPU
		{2CD668AC-358E-4778-853B-A0F9C246AA02}.Debug|Any CPU.ActiveCfg = Debug|Any CPU
		{2CD668AC-358E-4778-853B-A0F9C246AA02}.Debug|Any CPU.Build.0 = Debug|Any CPU
		{2CD668AC-358E-4778-853B-A0F9C246AA02}.Release|Any CPU.ActiveCfg = Release|Any CPU
		{2CD668AC-358E-4778-853B-A0F9C246AA02}.Release|Any CPU.Build.0 = Release|Any CPU
		{D92B3F83-7CB5-4841-BBF8-1EC2C12EC547}.Debug|Any CPU.ActiveCfg = Debug|Any CPU
		{D92B3F83-7CB5-4841-BBF8-1EC2C12EC547}.Debug|Any CPU.Build.0 = Debug|Any CPU
		{D92B3F83-7CB5-4841-BBF8-1EC2C12EC547}.Release|Any CPU.ActiveCfg = Release|Any CPU
		{D92B3F83-7CB5-4841-BBF8-1EC2C12EC547}.Release|Any CPU.Build.0 = Release|Any CPU
		{0CC8EEA5-F42C-4E64-A1C7-587279693772}.Debug|Any CPU.ActiveCfg = Debug|Any CPU
		{0CC8EEA5-F42C-4E64-A1C7-587279693772}.Debug|Any CPU.Build.0 = Debug|Any CPU
		{0CC8EEA5-F42C-4E64-A1C7-587279693772}.Release|Any CPU.ActiveCfg = Release|Any CPU
		{0CC8EEA5-F42C-4E64-A1C7-587279693772}.Release|Any CPU.Build.0 = Release|Any CPU
	EndGlobalSection
	GlobalSection(SolutionProperties) = preSolution
		HideSolutionNode = FALSE
	EndGlobalSection
	GlobalSection(NestedProjects) = preSolution
		{858722C7-DF3F-4433-BE1B-2CC33F7906F5} = {65CAC76A-2CB0-4F6F-8617-EEC7A0935AE4}
		{2CD668AC-358E-4778-853B-A0F9C246AA02} = {65CAC76A-2CB0-4F6F-8617-EEC7A0935AE4}
		{D92B3F83-7CB5-4841-BBF8-1EC2C12EC547} = {C2B67BB7-BECE-49A6-A580-CBED4EB2D682}
		{0CC8EEA5-F42C-4E64-A1C7-587279693772} = {65CAC76A-2CB0-4F6F-8617-EEC7A0935AE4}
	EndGlobalSection
	GlobalSection(ExtensibilityGlobals) = postSolution
		SolutionGuid = {B769C7CC-8332-4BB6-8C7A-FD694AE6D724}
	EndGlobalSection
EndGlobal
